// !$*UTF8*$!
{
	archiveVersion = 1;
	classes = {
	};
	objectVersion = 77;
	objects = {

/* Begin PBXBuildFile section */
		470128E22E47A291006A5BA5 /* Assets.xcassets in Resources */ = {isa = PBXBuildFile; fileRef = 470128DF2E47A291006A5BA5 /* Assets.xcassets */; };
		470128E32E47A291006A5BA5 /* Preview Assets.xcassets in Resources */ = {isa = PBXBuildFile; fileRef = 470128DC2E47A291006A5BA5 /* Preview Assets.xcassets */; };
		470128E52E47A291006A5BA5 /* ContentView.swift in Sources */ = {isa = PBXBuildFile; fileRef = 470128E02E47A291006A5BA5 /* ContentView.swift */; };
		4782EC382E4812BB005E5B01 /* ProductAPI.swift in Sources */ = {isa = PBXBuildFile; fileRef = 4782EC372E4812B1005E5B01 /* ProductAPI.swift */; };
		4782EC3D2E481422005E5B01 /* ApiClient.swift in Sources */ = {isa = PBXBuildFile; fileRef = 4782EC3C2E48141F005E5B01 /* ApiClient.swift */; };
		479F03BF2E47C1070005A897 /* AkakceCaseApp.swift in Sources */ = {isa = PBXBuildFile; fileRef = 470128DE2E47A291006A5BA5 /* AkakceCaseApp.swift */; };
		479F03C02E47C2660005A897 /* HomeScreen.swift in Sources */ = {isa = PBXBuildFile; fileRef = 470128FB2E47A632006A5BA5 /* HomeScreen.swift */; };
		479F03C12E47C2740005A897 /* ProductDetailScreen.swift in Sources */ = {isa = PBXBuildFile; fileRef = 470128FD2E47A642006A5BA5 /* ProductDetailScreen.swift */; };
		479F03C22E47C2830005A897 /* VerticalProduct.swift in Sources */ = {isa = PBXBuildFile; fileRef = 470128F82E47A608006A5BA5 /* VerticalProduct.swift */; };
		479F03C32E47C28D0005A897 /* HorizontalProduct.swift in Sources */ = {isa = PBXBuildFile; fileRef = 470128F62E47A5E4006A5BA5 /* HorizontalProduct.swift */; };
		479F03C42E47C2960005A897 /* ProductViewModel.swift in Sources */ = {isa = PBXBuildFile; fileRef = 470128F42E47A5C0006A5BA5 /* ProductViewModel.swift */; };
		479F03C62E47C2A90005A897 /* Product.swift in Sources */ = {isa = PBXBuildFile; fileRef = 470128E82E47A2DE006A5BA5 /* Product.swift */; };
/* End PBXBuildFile section */

/* Begin PBXContainerItemProxy section */
		470128B82E46B244006A5BA5 /* PBXContainerItemProxy */ = {
			isa = PBXContainerItemProxy;
			containerPortal = 4701289F2E46B243006A5BA5 /* Project object */;
			proxyType = 1;
			remoteGlobalIDString = 470128A62E46B243006A5BA5;
			remoteInfo = AkakceCase;
		};
		470128C22E46B244006A5BA5 /* PBXContainerItemProxy */ = {
			isa = PBXContainerItemProxy;
			containerPortal = 4701289F2E46B243006A5BA5 /* Project object */;
			proxyType = 1;
			remoteGlobalIDString = 470128A62E46B243006A5BA5;
			remoteInfo = AkakceCase;
		};
/* End PBXContainerItemProxy section */

/* Begin PBXFileReference section */
		470128A72E46B243006A5BA5 /* AkakceCase.app */ = {isa = PBXFileReference; explicitFileType = wrapper.application; includeInIndex = 0; path = AkakceCase.app; sourceTree = BUILT_PRODUCTS_DIR; };
		470128B72E46B244006A5BA5 /* AkakceCaseTests.xctest */ = {isa = PBXFileReference; explicitFileType = wrapper.cfbundle; includeInIndex = 0; path = AkakceCaseTests.xctest; sourceTree = BUILT_PRODUCTS_DIR; };
		470128C12E46B244006A5BA5 /* AkakceCaseUITests.xctest */ = {isa = PBXFileReference; explicitFileType = wrapper.cfbundle; includeInIndex = 0; path = AkakceCaseUITests.xctest; sourceTree = BUILT_PRODUCTS_DIR; };
		470128DC2E47A291006A5BA5 /* Preview Assets.xcassets */ = {isa = PBXFileReference; lastKnownFileType = folder.assetcatalog; path = "Preview Assets.xcassets"; sourceTree = "<group>"; };
		470128DE2E47A291006A5BA5 /* AkakceCaseApp.swift */ = {isa = PBXFileReference; lastKnownFileType = sourcecode.swift; path = AkakceCaseApp.swift; sourceTree = "<group>"; };
		470128DF2E47A291006A5BA5 /* Assets.xcassets */ = {isa = PBXFileReference; lastKnownFileType = folder.assetcatalog; path = Assets.xcassets; sourceTree = "<group>"; };
		470128E02E47A291006A5BA5 /* ContentView.swift */ = {isa = PBXFileReference; lastKnownFileType = sourcecode.swift; path = ContentView.swift; sourceTree = "<group>"; };
		470128E82E47A2DE006A5BA5 /* Product.swift */ = {isa = PBXFileReference; lastKnownFileType = sourcecode.swift; path = Product.swift; sourceTree = "<group>"; };
		470128F42E47A5C0006A5BA5 /* ProductViewModel.swift */ = {isa = PBXFileReference; lastKnownFileType = sourcecode.swift; path = ProductViewModel.swift; sourceTree = "<group>"; };
		470128F62E47A5E4006A5BA5 /* HorizontalProduct.swift */ = {isa = PBXFileReference; lastKnownFileType = sourcecode.swift; path = HorizontalProduct.swift; sourceTree = "<group>"; };
		470128F82E47A608006A5BA5 /* VerticalProduct.swift */ = {isa = PBXFileReference; lastKnownFileType = sourcecode.swift; path = VerticalProduct.swift; sourceTree = "<group>"; };
		470128FB2E47A632006A5BA5 /* HomeScreen.swift */ = {isa = PBXFileReference; lastKnownFileType = sourcecode.swift; path = HomeScreen.swift; sourceTree = "<group>"; };
		470128FD2E47A642006A5BA5 /* ProductDetailScreen.swift */ = {isa = PBXFileReference; lastKnownFileType = sourcecode.swift; path = ProductDetailScreen.swift; sourceTree = "<group>"; };
		4782EC372E4812B1005E5B01 /* ProductAPI.swift */ = {isa = PBXFileReference; lastKnownFileType = sourcecode.swift; path = ProductAPI.swift; sourceTree = "<group>"; };
		4782EC3C2E48141F005E5B01 /* ApiClient.swift */ = {isa = PBXFileReference; lastKnownFileType = sourcecode.swift; path = ApiClient.swift; sourceTree = "<group>"; };
/* End PBXFileReference section */

/* Begin PBXFileSystemSynchronizedRootGroup section */
		470128BA2E46B244006A5BA5 /* AkakceCaseTests */ = {
			isa = PBXFileSystemSynchronizedRootGroup;
			path = AkakceCaseTests;
			sourceTree = "<group>";
		};
		470128C42E46B244006A5BA5 /* AkakceCaseUITests */ = {
			isa = PBXFileSystemSynchronizedRootGroup;
			path = AkakceCaseUITests;
			sourceTree = "<group>";
		};
/* End PBXFileSystemSynchronizedRootGroup section */

/* Begin PBXFrameworksBuildPhase section */
		470128A42E46B243006A5BA5 /* Frameworks */ = {
			isa = PBXFrameworksBuildPhase;
			buildActionMask = 2147483647;
			files = (
			);
			runOnlyForDeploymentPostprocessing = 0;
		};
		470128B42E46B244006A5BA5 /* Frameworks */ = {
			isa = PBXFrameworksBuildPhase;
			buildActionMask = 2147483647;
			files = (
			);
			runOnlyForDeploymentPostprocessing = 0;
		};
		470128BE2E46B244006A5BA5 /* Frameworks */ = {
			isa = PBXFrameworksBuildPhase;
			buildActionMask = 2147483647;
			files = (
			);
			runOnlyForDeploymentPostprocessing = 0;
		};
/* End PBXFrameworksBuildPhase section */

/* Begin PBXGroup section */
		4701289E2E46B243006A5BA5 = {
			isa = PBXGroup;
			children = (
				470128E12E47A291006A5BA5 /* AkakceCase */,
				470128BA2E46B244006A5BA5 /* AkakceCaseTests */,
				470128C42E46B244006A5BA5 /* AkakceCaseUITests */,
				470128A82E46B243006A5BA5 /* Products */,
			);
			sourceTree = "<group>";
		};
		470128A82E46B243006A5BA5 /* Products */ = {
			isa = PBXGroup;
			children = (
				470128A72E46B243006A5BA5 /* AkakceCase.app */,
				470128B72E46B244006A5BA5 /* AkakceCaseTests.xctest */,
				470128C12E46B244006A5BA5 /* AkakceCaseUITests.xctest */,
			);
			name = Products;
			sourceTree = "<group>";
		};
		470128DD2E47A291006A5BA5 /* Preview Content */ = {
			isa = PBXGroup;
			children = (
				470128DC2E47A291006A5BA5 /* Preview Assets.xcassets */,
			);
			path = "Preview Content";
			sourceTree = "<group>";
		};
		470128E12E47A291006A5BA5 /* AkakceCase */ = {
			isa = PBXGroup;
			children = (
				470128F02E47A39B006A5BA5 /* UI */,
				470128ED2E47A378006A5BA5 /* ViewModels */,
				470128EA2E47A352006A5BA5 /* Networking */,
				470128E72E47A2D1006A5BA5 /* Models */,
				470128DD2E47A291006A5BA5 /* Preview Content */,
				470128DE2E47A291006A5BA5 /* AkakceCaseApp.swift */,
				470128DF2E47A291006A5BA5 /* Assets.xcassets */,
				470128E02E47A291006A5BA5 /* ContentView.swift */,
			);
			path = AkakceCase;
			sourceTree = "<group>";
		};
		470128E72E47A2D1006A5BA5 /* Models */ = {
			isa = PBXGroup;
			children = (
				470128E82E47A2DE006A5BA5 /* Product.swift */,
			);
			path = Models;
			sourceTree = "<group>";
		};
		470128EA2E47A352006A5BA5 /* Networking */ = {
			isa = PBXGroup;
			children = (
				4782EC3C2E48141F005E5B01 /* ApiClient.swift */,
				4782EC372E4812B1005E5B01 /* ProductAPI.swift */,
			);
			path = Networking;
			sourceTree = "<group>";
		};
		470128ED2E47A378006A5BA5 /* ViewModels */ = {
			isa = PBXGroup;
			children = (
				470128F42E47A5C0006A5BA5 /* ProductViewModel.swift */,
			);
			path = ViewModels;
			sourceTree = "<group>";
		};
		470128F02E47A39B006A5BA5 /* UI */ = {
			isa = PBXGroup;
			children = (
				470128FA2E47A62A006A5BA5 /* Screens */,
				470128F12E47A3A2006A5BA5 /* Components */,
			);
			path = UI;
			sourceTree = "<group>";
		};
		470128F12E47A3A2006A5BA5 /* Components */ = {
			isa = PBXGroup;
			children = (
				470128F82E47A608006A5BA5 /* VerticalProduct.swift */,
				470128F62E47A5E4006A5BA5 /* HorizontalProduct.swift */,
			);
			path = Components;
			sourceTree = "<group>";
		};
		470128FA2E47A62A006A5BA5 /* Screens */ = {
			isa = PBXGroup;
			children = (
				470128FD2E47A642006A5BA5 /* ProductDetailScreen.swift */,
				470128FB2E47A632006A5BA5 /* HomeScreen.swift */,
			);
			path = Screens;
			sourceTree = "<group>";
		};
/* End PBXGroup section */

/* Begin PBXNativeTarget section */
		470128A62E46B243006A5BA5 /* AkakceCase */ = {
			isa = PBXNativeTarget;
			buildConfigurationList = 470128CB2E46B244006A5BA5 /* Build configuration list for PBXNativeTarget "AkakceCase" */;
			buildPhases = (
				470128A32E46B243006A5BA5 /* Sources */,
				470128A42E46B243006A5BA5 /* Frameworks */,
				470128A52E46B243006A5BA5 /* Resources */,
			);
			buildRules = (
			);
			dependencies = (
			);
			name = AkakceCase;
			packageProductDependencies = (
			);
			productName = AkakceCase;
			productReference = 470128A72E46B243006A5BA5 /* AkakceCase.app */;
			productType = "com.apple.product-type.application";
		};
		470128B62E46B244006A5BA5 /* AkakceCaseTests */ = {
			isa = PBXNativeTarget;
			buildConfigurationList = 470128CE2E46B244006A5BA5 /* Build configuration list for PBXNativeTarget "AkakceCaseTests" */;
			buildPhases = (
				470128B32E46B244006A5BA5 /* Sources */,
				470128B42E46B244006A5BA5 /* Frameworks */,
				470128B52E46B244006A5BA5 /* Resources */,
			);
			buildRules = (
			);
			dependencies = (
				470128B92E46B244006A5BA5 /* PBXTargetDependency */,
			);
			fileSystemSynchronizedGroups = (
				470128BA2E46B244006A5BA5 /* AkakceCaseTests */,
			);
			name = AkakceCaseTests;
			packageProductDependencies = (
			);
			productName = AkakceCaseTests;
			productReference = 470128B72E46B244006A5BA5 /* AkakceCaseTests.xctest */;
			productType = "com.apple.product-type.bundle.unit-test";
		};
		470128C02E46B244006A5BA5 /* AkakceCaseUITests */ = {
			isa = PBXNativeTarget;
			buildConfigurationList = 470128D12E46B244006A5BA5 /* Build configuration list for PBXNativeTarget "AkakceCaseUITests" */;
			buildPhases = (
				470128BD2E46B244006A5BA5 /* Sources */,
				470128BE2E46B244006A5BA5 /* Frameworks */,
				470128BF2E46B244006A5BA5 /* Resources */,
			);
			buildRules = (
			);
			dependencies = (
				470128C32E46B244006A5BA5 /* PBXTargetDependency */,
			);
			fileSystemSynchronizedGroups = (
				470128C42E46B244006A5BA5 /* AkakceCaseUITests */,
			);
			name = AkakceCaseUITests;
			packageProductDependencies = (
			);
			productName = AkakceCaseUITests;
			productReference = 470128C12E46B244006A5BA5 /* AkakceCaseUITests.xctest */;
			productType = "com.apple.product-type.bundle.ui-testing";
		};
/* End PBXNativeTarget section */

/* Begin PBXProject section */
		4701289F2E46B243006A5BA5 /* Project object */ = {
			isa = PBXProject;
			attributes = {
				BuildIndependentTargetsInParallel = 1;
				LastSwiftUpdateCheck = 1620;
				LastUpgradeCheck = 1620;
				TargetAttributes = {
					470128A62E46B243006A5BA5 = {
						CreatedOnToolsVersion = 16.2;
					};
					470128B62E46B244006A5BA5 = {
						CreatedOnToolsVersion = 16.2;
						TestTargetID = 470128A62E46B243006A5BA5;
					};
					470128C02E46B244006A5BA5 = {
						CreatedOnToolsVersion = 16.2;
						TestTargetID = 470128A62E46B243006A5BA5;
					};
				};
			};
			buildConfigurationList = 470128A22E46B243006A5BA5 /* Build configuration list for PBXProject "AkakceCase" */;
			developmentRegion = en;
			hasScannedForEncodings = 0;
			knownRegions = (
				en,
				Base,
			);
			mainGroup = 4701289E2E46B243006A5BA5;
			minimizedProjectReferenceProxies = 1;
			preferredProjectObjectVersion = 77;
			productRefGroup = 470128A82E46B243006A5BA5 /* Products */;
			projectDirPath = "";
			projectRoot = "";
			targets = (
				470128A62E46B243006A5BA5 /* AkakceCase */,
				470128B62E46B244006A5BA5 /* AkakceCaseTests */,
				470128C02E46B244006A5BA5 /* AkakceCaseUITests */,
			);
		};
/* End PBXProject section */

/* Begin PBXResourcesBuildPhase section */
		470128A52E46B243006A5BA5 /* Resources */ = {
			isa = PBXResourcesBuildPhase;
			buildActionMask = 2147483647;
			files = (
			);
			runOnlyForDeploymentPostprocessing = 0;
		};
		470128B52E46B244006A5BA5 /* Resources */ = {
			isa = PBXResourcesBuildPhase;
			buildActionMask = 2147483647;
			files = (
				470128E22E47A291006A5BA5 /* Assets.xcassets in Resources */,
				470128E32E47A291006A5BA5 /* Preview Assets.xcassets in Resources */,
			);
			runOnlyForDeploymentPostprocessing = 0;
		};
		470128BF2E46B244006A5BA5 /* Resources */ = {
			isa = PBXResourcesBuildPhase;
			buildActionMask = 2147483647;
			files = (
			);
			runOnlyForDeploymentPostprocessing = 0;
		};
/* End PBXResourcesBuildPhase section */

/* Begin PBXSourcesBuildPhase section */
		470128A32E46B243006A5BA5 /* Sources */ = {
			isa = PBXSourcesBuildPhase;
			buildActionMask = 2147483647;
			files = (
				479F03C02E47C2660005A897 /* HomeScreen.swift in Sources */,
				479F03C62E47C2A90005A897 /* Product.swift in Sources */,
				4782EC3D2E481422005E5B01 /* ApiClient.swift in Sources */,
				479F03BF2E47C1070005A897 /* AkakceCaseApp.swift in Sources */,
				479F03C42E47C2960005A897 /* ProductViewModel.swift in Sources */,
				479F03C32E47C28D0005A897 /* HorizontalProduct.swift in Sources */,
				4782EC382E4812BB005E5B01 /* ProductAPI.swift in Sources */,
				479F03C12E47C2740005A897 /* ProductDetailScreen.swift in Sources */,
				479F03C22E47C2830005A897 /* VerticalProduct.swift in Sources */,
			);
			runOnlyForDeploymentPostprocessing = 0;
		};
		470128B32E46B244006A5BA5 /* Sources */ = {
			isa = PBXSourcesBuildPhase;
			buildActionMask = 2147483647;
			files = (
				470128E52E47A291006A5BA5 /* ContentView.swift in Sources */,
			);
			runOnlyForDeploymentPostprocessing = 0;
		};
		470128BD2E46B244006A5BA5 /* Sources */ = {
			isa = PBXSourcesBuildPhase;
			buildActionMask = 2147483647;
			files = (
			);
			runOnlyForDeploymentPostprocessing = 0;
		};
/* End PBXSourcesBuildPhase section */

/* Begin PBXTargetDependency section */
		470128B92E46B244006A5BA5 /* PBXTargetDependency */ = {
			isa = PBXTargetDependency;
			target = 470128A62E46B243006A5BA5 /* AkakceCase */;
			targetProxy = 470128B82E46B244006A5BA5 /* PBXContainerItemProxy */;
		};
		470128C32E46B244006A5BA5 /* PBXTargetDependency */ = {
			isa = PBXTargetDependency;
			target = 470128A62E46B243006A5BA5 /* AkakceCase */;
			targetProxy = 470128C22E46B244006A5BA5 /* PBXContainerItemProxy */;
		};
/* End PBXTargetDependency section */

/* Begin XCBuildConfiguration section */
		470128C92E46B244006A5BA5 /* Debug */ = {
			isa = XCBuildConfiguration;
			buildSettings = {
				ALWAYS_SEARCH_USER_PATHS = NO;
				ASSETCATALOG_COMPILER_GENERATE_SWIFT_ASSET_SYMBOL_EXTENSIONS = YES;
				CLANG_ANALYZER_NONNULL = YES;
				CLANG_ANALYZER_NUMBER_OBJECT_CONVERSION = YES_AGGRESSIVE;
				CLANG_CXX_LANGUAGE_STANDARD = "gnu++20";
				CLANG_ENABLE_MODULES = YES;
				CLANG_ENABLE_OBJC_ARC = YES;
				CLANG_ENABLE_OBJC_WEAK = YES;
				CLANG_WARN_BLOCK_CAPTURE_AUTORELEASING = YES;
				CLANG_WARN_BOOL_CONVERSION = YES;
				CLANG_WARN_COMMA = YES;
				CLANG_WARN_CONSTANT_CONVERSION = YES;
				CLANG_WARN_DEPRECATED_OBJC_IMPLEMENTATIONS = YES;
				CLANG_WARN_DIRECT_OBJC_ISA_USAGE = YES_ERROR;
				CLANG_WARN_DOCUMENTATION_COMMENTS = YES;
				CLANG_WARN_EMPTY_BODY = YES;
				CLANG_WARN_ENUM_CONVERSION = YES;
				CLANG_WARN_INFINITE_RECURSION = YES;
				CLANG_WARN_INT_CONVERSION = YES;
				CLANG_WARN_NON_LITERAL_NULL_CONVERSION = YES;
				CLANG_WARN_OBJC_IMPLICIT_RETAIN_SELF = YES;
				CLANG_WARN_OBJC_LITERAL_CONVERSION = YES;
				CLANG_WARN_OBJC_ROOT_CLASS = YES_ERROR;
				CLANG_WARN_QUOTED_INCLUDE_IN_FRAMEWORK_HEADER = YES;
				CLANG_WARN_RANGE_LOOP_ANALYSIS = YES;
				CLANG_WARN_STRICT_PROTOTYPES = YES;
				CLANG_WARN_SUSPICIOUS_MOVE = YES;
				CLANG_WARN_UNGUARDED_AVAILABILITY = YES_AGGRESSIVE;
				CLANG_WARN_UNREACHABLE_CODE = YES;
				CLANG_WARN__DUPLICATE_METHOD_MATCH = YES;
				COPY_PHASE_STRIP = NO;
				DEBUG_INFORMATION_FORMAT = dwarf;
				ENABLE_STRICT_OBJC_MSGSEND = YES;
				ENABLE_TESTABILITY = YES;
				ENABLE_USER_SCRIPT_SANDBOXING = YES;
				GCC_C_LANGUAGE_STANDARD = gnu17;
				GCC_DYNAMIC_NO_PIC = NO;
				GCC_NO_COMMON_BLOCKS = YES;
				GCC_OPTIMIZATION_LEVEL = 0;
				GCC_PREPROCESSOR_DEFINITIONS = (
					"DEBUG=1",
					"$(inherited)",
				);
				GCC_WARN_64_TO_32_BIT_CONVERSION = YES;
				GCC_WARN_ABOUT_RETURN_TYPE = YES_ERROR;
				GCC_WARN_UNDECLARED_SELECTOR = YES;
				GCC_WARN_UNINITIALIZED_AUTOS = YES_AGGRESSIVE;
				GCC_WARN_UNUSED_FUNCTION = YES;
				GCC_WARN_UNUSED_VARIABLE = YES;
				IPHONEOS_DEPLOYMENT_TARGET = 18.2;
				LOCALIZATION_PREFERS_STRING_CATALOGS = YES;
				MTL_ENABLE_DEBUG_INFO = INCLUDE_SOURCE;
				MTL_FAST_MATH = YES;
				ONLY_ACTIVE_ARCH = YES;
				SDKROOT = iphoneos;
				SWIFT_ACTIVE_COMPILATION_CONDITIONS = "DEBUG $(inherited)";
				SWIFT_OPTIMIZATION_LEVEL = "-Onone";
			};
			name = Debug;
		};
		470128CA2E46B244006A5BA5 /* Release */ = {
			isa = XCBuildConfiguration;
			buildSettings = {
				ALWAYS_SEARCH_USER_PATHS = NO;
				ASSETCATALOG_COMPILER_GENERATE_SWIFT_ASSET_SYMBOL_EXTENSIONS = YES;
				CLANG_ANALYZER_NONNULL = YES;
				CLANG_ANALYZER_NUMBER_OBJECT_CONVERSION = YES_AGGRESSIVE;
				CLANG_CXX_LANGUAGE_STANDARD = "gnu++20";
				CLANG_ENABLE_MODULES = YES;
				CLANG_ENABLE_OBJC_ARC = YES;
				CLANG_ENABLE_OBJC_WEAK = YES;
				CLANG_WARN_BLOCK_CAPTURE_AUTORELEASING = YES;
				CLANG_WARN_BOOL_CONVERSION = YES;
				CLANG_WARN_COMMA = YES;
				CLANG_WARN_CONSTANT_CONVERSION = YES;
				CLANG_WARN_DEPRECATED_OBJC_IMPLEMENTATIONS = YES;
				CLANG_WARN_DIRECT_OBJC_ISA_USAGE = YES_ERROR;
				CLANG_WARN_DOCUMENTATION_COMMENTS = YES;
				CLANG_WARN_EMPTY_BODY = YES;
				CLANG_WARN_ENUM_CONVERSION = YES;
				CLANG_WARN_INFINITE_RECURSION = YES;
				CLANG_WARN_INT_CONVERSION = YES;
				CLANG_WARN_NON_LITERAL_NULL_CONVERSION = YES;
				CLANG_WARN_OBJC_IMPLICIT_RETAIN_SELF = YES;
				CLANG_WARN_OBJC_LITERAL_CONVERSION = YES;
				CLANG_WARN_OBJC_ROOT_CLASS = YES_ERROR;
				CLANG_WARN_QUOTED_INCLUDE_IN_FRAMEWORK_HEADER = YES;
				CLANG_WARN_RANGE_LOOP_ANALYSIS = YES;
				CLANG_WARN_STRICT_PROTOTYPES = YES;
				CLANG_WARN_SUSPICIOUS_MOVE = YES;
				CLANG_WARN_UNGUARDED_AVAILABILITY = YES_AGGRESSIVE;
				CLANG_WARN_UNREACHABLE_CODE = YES;
				CLANG_WARN__DUPLICATE_METHOD_MATCH = YES;
				COPY_PHASE_STRIP = NO;
				DEBUG_INFORMATION_FORMAT = "dwarf-with-dsym";
				ENABLE_NS_ASSERTIONS = NO;
				ENABLE_STRICT_OBJC_MSGSEND = YES;
				ENABLE_USER_SCRIPT_SANDBOXING = YES;
				GCC_C_LANGUAGE_STANDARD = gnu17;
				GCC_NO_COMMON_BLOCKS = YES;
				GCC_WARN_64_TO_32_BIT_CONVERSION = YES;
				GCC_WARN_ABOUT_RETURN_TYPE = YES_ERROR;
				GCC_WARN_UNDECLARED_SELECTOR = YES;
				GCC_WARN_UNINITIALIZED_AUTOS = YES_AGGRESSIVE;
				GCC_WARN_UNUSED_FUNCTION = YES;
				GCC_WARN_UNUSED_VARIABLE = YES;
				IPHONEOS_DEPLOYMENT_TARGET = 18.2;
				LOCALIZATION_PREFERS_STRING_CATALOGS = YES;
				MTL_ENABLE_DEBUG_INFO = NO;
				MTL_FAST_MATH = YES;
				SDKROOT = iphoneos;
				SWIFT_COMPILATION_MODE = wholemodule;
				VALIDATE_PRODUCT = YES;
			};
			name = Release;
		};
		470128CC2E46B244006A5BA5 /* Debug */ = {
			isa = XCBuildConfiguration;
			buildSettings = {
				ASSETCATALOG_COMPILER_APPICON_NAME = AppIcon;
				ASSETCATALOG_COMPILER_GLOBAL_ACCENT_COLOR_NAME = AccentColor;
				CODE_SIGN_STYLE = Automatic;
				CURRENT_PROJECT_VERSION = 1;
				DEVELOPMENT_ASSET_PATHS = "\"AkakceCase/Preview Content\"";
				ENABLE_PREVIEWS = YES;
				GENERATE_INFOPLIST_FILE = YES;
				INFOPLIST_KEY_UIApplicationSceneManifest_Generation = YES;
				INFOPLIST_KEY_UIApplicationSupportsIndirectInputEvents = YES;
				INFOPLIST_KEY_UILaunchScreen_Generation = YES;
				INFOPLIST_KEY_UISupportedInterfaceOrientations_iPad = "UIInterfaceOrientationPortrait UIInterfaceOrientationPortraitUpsideDown UIInterfaceOrientationLandscapeLeft UIInterfaceOrientationLandscapeRight";
				INFOPLIST_KEY_UISupportedInterfaceOrientations_iPhone = "UIInterfaceOrientationPortrait UIInterfaceOrientationLandscapeLeft UIInterfaceOrientationLandscapeRight";
				LD_RUNPATH_SEARCH_PATHS = (
					"$(inherited)",
					"@executable_path/Frameworks",
				);
				MARKETING_VERSION = 1.0;
				PRODUCT_BUNDLE_IDENTIFIER = com.amirahani.AkakceCase;
				PRODUCT_NAME = "$(TARGET_NAME)";
				SWIFT_EMIT_LOC_STRINGS = YES;
				SWIFT_VERSION = 5.0;
				TARGETED_DEVICE_FAMILY = "1,2";
			};
			name = Debug;
		};
		470128CD2E46B244006A5BA5 /* Release */ = {
			isa = XCBuildConfiguration;
			buildSettings = {
				ASSETCATALOG_COMPILER_APPICON_NAME = AppIcon;
				ASSETCATALOG_COMPILER_GLOBAL_ACCENT_COLOR_NAME = AccentColor;
				CODE_SIGN_STYLE = Automatic;
				CURRENT_PROJECT_VERSION = 1;
				DEVELOPMENT_ASSET_PATHS = "\"AkakceCase/Preview Content\"";
				ENABLE_PREVIEWS = YES;
				GENERATE_INFOPLIST_FILE = YES;
				INFOPLIST_KEY_UIApplicationSceneManifest_Generation = YES;
				INFOPLIST_KEY_UIApplicationSupportsIndirectInputEvents = YES;
				INFOPLIST_KEY_UILaunchScreen_Generation = YES;
				INFOPLIST_KEY_UISupportedInterfaceOrientations_iPad = "UIInterfaceOrientationPortrait UIInterfaceOrientationPortraitUpsideDown UIInterfaceOrientationLandscapeLeft UIInterfaceOrientationLandscapeRight";
				INFOPLIST_KEY_UISupportedInterfaceOrientations_iPhone = "UIInterfaceOrientationPortrait UIInterfaceOrientationLandscapeLeft UIInterfaceOrientationLandscapeRight";
				LD_RUNPATH_SEARCH_PATHS = (
					"$(inherited)",
					"@executable_path/Frameworks",
				);
				MARKETING_VERSION = 1.0;
				PRODUCT_BUNDLE_IDENTIFIER = com.amirahani.AkakceCase;
				PRODUCT_NAME = "$(TARGET_NAME)";
				SWIFT_EMIT_LOC_STRINGS = YES;
				SWIFT_VERSION = 5.0;
				TARGETED_DEVICE_FAMILY = "1,2";
			};
			name = Release;
		};
		470128CF2E46B244006A5BA5 /* Debug */ = {
			isa = XCBuildConfiguration;
			buildSettings = {
				BUNDLE_LOADER = "$(TEST_HOST)";
				CODE_SIGN_STYLE = Automatic;
				CURRENT_PROJECT_VERSION = 1;
				GENERATE_INFOPLIST_FILE = YES;
				IPHONEOS_DEPLOYMENT_TARGET = 18.2;
				MARKETING_VERSION = 1.0;
				PRODUCT_BUNDLE_IDENTIFIER = com.amirahani.AkakceCaseTests;
				PRODUCT_NAME = "$(TARGET_NAME)";
				SWIFT_EMIT_LOC_STRINGS = NO;
				SWIFT_VERSION = 5.0;
				TARGETED_DEVICE_FAMILY = "1,2";
				TEST_HOST = "$(BUILT_PRODUCTS_DIR)/AkakceCase.app/$(BUNDLE_EXECUTABLE_FOLDER_PATH)/AkakceCase";
			};
			name = Debug;
		};
		470128D02E46B244006A5BA5 /* Release */ = {
			isa = XCBuildConfiguration;
			buildSettings = {
				BUNDLE_LOADER = "$(TEST_HOST)";
				CODE_SIGN_STYLE = Automatic;
				CURRENT_PROJECT_VERSION = 1;
				GENERATE_INFOPLIST_FILE = YES;
				IPHONEOS_DEPLOYMENT_TARGET = 18.2;
				MARKETING_VERSION = 1.0;
				PRODUCT_BUNDLE_IDENTIFIER = com.amirahani.AkakceCaseTests;
				PRODUCT_NAME = "$(TARGET_NAME)";
				SWIFT_EMIT_LOC_STRINGS = NO;
				SWIFT_VERSION = 5.0;
				TARGETED_DEVICE_FAMILY = "1,2";
				TEST_HOST = "$(BUILT_PRODUCTS_DIR)/AkakceCase.app/$(BUNDLE_EXECUTABLE_FOLDER_PATH)/AkakceCase";
			};
			name = Release;
		};
		470128D22E46B244006A5BA5 /* Debug */ = {
			isa = XCBuildConfiguration;
			buildSettings = {
				CODE_SIGN_STYLE = Automatic;
				CURRENT_PROJECT_VERSION = 1;
				GENERATE_INFOPLIST_FILE = YES;
				MARKETING_VERSION = 1.0;
				PRODUCT_BUNDLE_IDENTIFIER = com.amirahani.AkakceCaseUITests;
				PRODUCT_NAME = "$(TARGET_NAME)";
				SWIFT_EMIT_LOC_STRINGS = NO;
				SWIFT_VERSION = 5.0;
				TARGETED_DEVICE_FAMILY = "1,2";
				TEST_TARGET_NAME = AkakceCase;
			};
			name = Debug;
		};
		470128D32E46B244006A5BA5 /* Release */ = {
			isa = XCBuildConfiguration;
			buildSettings = {
				CODE_SIGN_STYLE = Automatic;
				CURRENT_PROJECT_VERSION = 1;
				GENERATE_INFOPLIST_FILE = YES;
				MARKETING_VERSION = 1.0;
				PRODUCT_BUNDLE_IDENTIFIER = com.amirahani.AkakceCaseUITests;
				PRODUCT_NAME = "$(TARGET_NAME)";
				SWIFT_EMIT_LOC_STRINGS = NO;
				SWIFT_VERSION = 5.0;
				TARGETED_DEVICE_FAMILY = "1,2";
				TEST_TARGET_NAME = AkakceCase;
			};
			name = Release;
		};
/* End XCBuildConfiguration section */

/* Begin XCConfigurationList section */
		470128A22E46B243006A5BA5 /* Build configuration list for PBXProject "AkakceCase" */ = {
			isa = XCConfigurationList;
			buildConfigurations = (
				470128C92E46B244006A5BA5 /* Debug */,
				470128CA2E46B244006A5BA5 /* Release */,
			);
			defaultConfigurationIsVisible = 0;
			defaultConfigurationName = Release;
		};
		470128CB2E46B244006A5BA5 /* Build configuration list for PBXNativeTarget "AkakceCase" */ = {
			isa = XCConfigurationList;
			buildConfigurations = (
				470128CC2E46B244006A5BA5 /* Debug */,
				470128CD2E46B244006A5BA5 /* Release */,
			);
			defaultConfigurationIsVisible = 0;
			defaultConfigurationName = Release;
		};
		470128CE2E46B244006A5BA5 /* Build configuration list for PBXNativeTarget "AkakceCaseTests" */ = {
			isa = XCConfigurationList;
			buildConfigurations = (
				470128CF2E46B244006A5BA5 /* Debug */,
				470128D02E46B244006A5BA5 /* Release */,
			);
			defaultConfigurationIsVisible = 0;
			defaultConfigurationName = Release;
		};
		470128D12E46B244006A5BA5 /* Build configuration list for PBXNativeTarget "AkakceCaseUITests" */ = {
			isa = XCConfigurationList;
			buildConfigurations = (
				470128D22E46B244006A5BA5 /* Debug */,
				470128D32E46B244006A5BA5 /* Release */,
			);
			defaultConfigurationIsVisible = 0;
			defaultConfigurationName = Release;
		};
/* End XCConfigurationList section */
	};
	rootObject = 4701289F2E46B243006A5BA5 /* Project object */;
}
